// !$*UTF8*$!
{
	archiveVersion = 1;
	classes = {
	};
	objectVersion = 46;
	objects = {

/* Begin PBXBuildFile section */
		EA8878591C8B81A10049AE2E /* AppDelegate.swift in Sources */ = {isa = PBXBuildFile; fileRef = EA8878581C8B81A10049AE2E /* AppDelegate.swift */; };
		EA88785B1C8B81A10049AE2E /* ViewController.swift in Sources */ = {isa = PBXBuildFile; fileRef = EA88785A1C8B81A10049AE2E /* ViewController.swift */; };
		EA88785E1C8B81A10049AE2E /* Main.storyboard in Resources */ = {isa = PBXBuildFile; fileRef = EA88785C1C8B81A10049AE2E /* Main.storyboard */; };
		EA8878601C8B81A10049AE2E /* Assets.xcassets in Resources */ = {isa = PBXBuildFile; fileRef = EA88785F1C8B81A10049AE2E /* Assets.xcassets */; };
		EA8878631C8B81A10049AE2E /* LaunchScreen.storyboard in Resources */ = {isa = PBXBuildFile; fileRef = EA8878611C8B81A10049AE2E /* LaunchScreen.storyboard */; };
/* End PBXBuildFile section */

/* Begin PBXFileReference section */
		EA8878551C8B81A10049AE2E /* CoreMotionTester.app */ = {isa = PBXFileReference; explicitFileType = wrapper.application; includeInIndex = 0; path = CoreMotionTester.app; sourceTree = BUILT_PRODUCTS_DIR; };
		EA8878581C8B81A10049AE2E /* AppDelegate.swift */ = {isa = PBXFileReference; lastKnownFileType = sourcecode.swift; path = AppDelegate.swift; sourceTree = "<group>"; };
		EA88785A1C8B81A10049AE2E /* ViewController.swift */ = {isa = PBXFileReference; lastKnownFileType = sourcecode.swift; path = ViewController.swift; sourceTree = "<group>"; };
		EA88785D1C8B81A10049AE2E /* Base */ = {isa = PBXFileReference; lastKnownFileType = file.storyboard; name = Base; path = Base.lproj/Main.storyboard; sourceTree = "<group>"; };
		EA88785F1C8B81A10049AE2E /* Assets.xcassets */ = {isa = PBXFileReference; lastKnownFileType = folder.assetcatalog; path = Assets.xcassets; sourceTree = "<group>"; };
		EA8878621C8B81A10049AE2E /* Base */ = {isa = PBXFileReference; lastKnownFileType = file.storyboard; name = Base; path = Base.lproj/LaunchScreen.storyboard; sourceTree = "<group>"; };
		EA8878641C8B81A10049AE2E /* Info.plist */ = {isa = PBXFileReference; lastKnownFileType = text.plist.xml; path = Info.plist; sourceTree = "<group>"; };
/* End PBXFileReference section */

/* Begin PBXFrameworksBuildPhase section */
		EA8878521C8B81A10049AE2E /* Frameworks */ = {
			isa = PBXFrameworksBuildPhase;
			buildActionMask = 2147483647;
			files = (
			);
			runOnlyForDeploymentPostprocessing = 0;
		};
/* End PBXFrameworksBuildPhase section */

/* Begin PBXGroup section */
		EA88784C1C8B81A10049AE2E = {
			isa = PBXGroup;
			children = (
				EA8878571C8B81A10049AE2E /* CoreMotionTester */,
				EA8878561C8B81A10049AE2E /* Products */,
			);
			sourceTree = "<group>";
		};
		EA8878561C8B81A10049AE2E /* Products */ = {
			isa = PBXGroup;
			children = (
				EA8878551C8B81A10049AE2E /* CoreMotionTester.app */,
			);
			name = Products;
			sourceTree = "<group>";
		};
		EA8878571C8B81A10049AE2E /* CoreMotionTester */ = {
			isa = PBXGroup;
			children = (
				EA8878581C8B81A10049AE2E /* AppDelegate.swift */,
				EA88785A1C8B81A10049AE2E /* ViewController.swift */,
				EA88785C1C8B81A10049AE2E /* Main.storyboard */,
				EA88785F1C8B81A10049AE2E /* Assets.xcassets */,
				EA8878611C8B81A10049AE2E /* LaunchScreen.storyboard */,
				EA8878641C8B81A10049AE2E /* Info.plist */,
			);
			path = CoreMotionTester;
			sourceTree = "<group>";
		};
/* End PBXGroup section */

/* Begin PBXNativeTarget section */
		EA8878541C8B81A10049AE2E /* CoreMotionTester */ = {
			isa = PBXNativeTarget;
			buildConfigurationList = EA8878671C8B81A10049AE2E /* Build configuration list for PBXNativeTarget "CoreMotionTester" */;
			buildPhases = (
				EA8878511C8B81A10049AE2E /* Sources */,
				EA8878521C8B81A10049AE2E /* Frameworks */,
				EA8878531C8B81A10049AE2E /* Resources */,
			);
			buildRules = (
			);
			dependencies = (
			);
			name = CoreMotionTester;
			productName = CoreMotionTester;
			productReference = EA8878551C8B81A10049AE2E /* CoreMotionTester.app */;
			productType = "com.apple.product-type.application";
		};
/* End PBXNativeTarget section */

/* Begin PBXProject section */
		EA88784D1C8B81A10049AE2E /* Project object */ = {
			isa = PBXProject;
			attributes = {
				LastSwiftUpdateCheck = 0720;
				LastUpgradeCheck = 0720;
				ORGANIZATIONNAME = "Zachary Cox";
				TargetAttributes = {
					EA8878541C8B81A10049AE2E = {
						CreatedOnToolsVersion = 7.2;
						DevelopmentTeam = 73Y564ZQBA;
					};
				};
			};
			buildConfigurationList = EA8878501C8B81A10049AE2E /* Build configuration list for PBXProject "CoreMotionTester" */;
			compatibilityVersion = "Xcode 3.2";
			developmentRegion = English;
			hasScannedForEncodings = 0;
			knownRegions = (
				en,
				Base,
			);
			mainGroup = EA88784C1C8B81A10049AE2E;
			productRefGroup = EA8878561C8B81A10049AE2E /* Products */;
			projectDirPath = "";
			projectRoot = "";
			targets = (
				EA8878541C8B81A10049AE2E /* CoreMotionTester */,
			);
		};
/* End PBXProject section */

/* Begin PBXResourcesBuildPhase section */
		EA8878531C8B81A10049AE2E /* Resources */ = {
			isa = PBXResourcesBuildPhase;
			buildActionMask = 2147483647;
			files = (
				EA8878631C8B81A10049AE2E /* LaunchScreen.storyboard in Resources */,
				EA8878601C8B81A10049AE2E /* Assets.xcassets in Resources */,
				EA88785E1C8B81A10049AE2E /* Main.storyboard in Resources */,
			);
			runOnlyForDeploymentPostprocessing = 0;
		};
/* End PBXResourcesBuildPhase section */

/* Begin PBXSourcesBuildPhase section */
		EA8878511C8B81A10049AE2E /* Sources */ = {
			isa = PBXSourcesBuildPhase;
			buildActionMask = 2147483647;
			files = (
				EA88785B1C8B81A10049AE2E /* ViewController.swift in Sources */,
				EA8878591C8B81A10049AE2E /* AppDelegate.swift in Sources */,
			);
			runOnlyForDeploymentPostprocessing = 0;
		};
/* End PBXSourcesBuildPhase section */

/* Begin PBXVariantGroup section */
		EA88785C1C8B81A10049AE2E /* Main.storyboard */ = {
			isa = PBXVariantGroup;
			children = (
				EA88785D1C8B81A10049AE2E /* Base */,
			);
			name = Main.storyboard;
			sourceTree = "<group>";
		};
		EA8878611C8B81A10049AE2E /* LaunchScreen.storyboard */ = {
			isa = PBXVariantGroup;
			children = (
				EA8878621C8B81A10049AE2E /* Base */,
			);
			name = LaunchScreen.storyboard;
			sourceTree = "<group>";
		};
/* End PBXVariantGroup section */

/* Begin XCBuildConfiguration section */
		EA8878651C8B81A10049AE2E /* Debug */ = {
			isa = XCBuildConfiguration;
			buildSettings = {
				ALWAYS_SEARCH_USER_PATHS = NO;
				CLANG_CXX_LANGUAGE_STANDARD = "gnu++0x";
				CLANG_CXX_LIBRARY = "libc++";
				CLANG_ENABLE_MODULES = YES;
				CLANG_ENABLE_OBJC_ARC = YES;
				CLANG_WARN_BOOL_CONVERSION = YES;
				CLANG_WARN_CONSTANT_CONVERSION = YES;
				CLANG_WARN_DIRECT_OBJC_ISA_USAGE = YES_ERROR;
				CLANG_WARN_EMPTY_BODY = YES;
				CLANG_WARN_ENUM_CONVERSION = YES;
				CLANG_WARN_INT_CONVERSION = YES;
				CLANG_WARN_OBJC_ROOT_CLASS = YES_ERROR;
				CLANG_WARN_UNREACHABLE_CODE = YES;
				CLANG_WARN__DUPLICATE_METHOD_MATCH = YES;
				"CODE_SIGN_IDENTITY[sdk=iphoneos*]" = "iPhone Developer";
				COPY_PHASE_STRIP = NO;
				DEBUG_INFORMATION_FORMAT = dwarf;
				ENABLE_STRICT_OBJC_MSGSEND = YES;
				ENABLE_TESTABILITY = YES;
				GCC_C_LANGUAGE_STANDARD = gnu99;
				GCC_DYNAMIC_NO_PIC = NO;
				GCC_NO_COMMON_BLOCKS = YES;
				GCC_OPTIMIZATION_LEVEL = 0;
				GCC_PREPROCESSOR_DEFINITIONS = (
					"DEBUG=1",
					"$(inherited)",
				);
				GCC_WARN_64_TO_32_BIT_CONVERSION = YES;
				GCC_WARN_ABOUT_RETURN_TYPE = YES_ERROR;
				GCC_WARN_UNDECLARED_SELECTOR = YES;
				GCC_WARN_UNINITIALIZED_AUTOS = YES_AGGRESSIVE;
				GCC_WARN_UNUSED_FUNCTION = YES;
				GCC_WARN_UNUSED_VARIABLE = YES;
				IPHONEOS_DEPLOYMENT_TARGET = 9.2;
				MTL_ENABLE_DEBUG_INFO = YES;
				ONLY_ACTIVE_ARCH = YES;
				SDKROOT = iphoneos;
				SWIFT_OPTIMIZATION_LEVEL = "-Onone";
				TARGETED_DEVICE_FAMILY = "1,2";
			};
			name = Debug;
		};
		EA8878661C8B81A10049AE2E /* Release */ = {
			isa = XCBuildConfiguration;
			buildSettings = {
				ALWAYS_SEARCH_USER_PATHS = NO;
				CLANG_CXX_LANGUAGE_STANDARD = "gnu++0x";
				CLANG_CXX_LIBRARY = "libc++";
				CLANG_ENABLE_MODULES = YES;
				CLANG_ENABLE_OBJC_ARC = YES;
				CLANG_WARN_BOOL_CONVERSION = YES;
				CLANG_WARN_CONSTANT_CONVERSION = YES;
				CLANG_WARN_DIRECT_OBJC_ISA_USAGE = YES_ERROR;
				CLANG_WARN_EMPTY_BODY = YES;
				CLANG_WARN_ENUM_CONVERSION = YES;
				CLANG_WARN_INT_CONVERSION = YES;
				CLANG_WARN_OBJC_ROOT_CLASS = YES_ERROR;
				CLANG_WARN_UNREACHABLE_CODE = YES;
				CLANG_WARN__DUPLICATE_METHOD_MATCH = YES;
				"CODE_SIGN_IDENTITY[sdk=iphoneos*]" = "iPhone Developer";
				COPY_PHASE_STRIP = NO;
				DEBUG_INFORMATION_FORMAT = "dwarf-with-dsym";
				ENABLE_NS_ASSERTIONS = NO;
				ENABLE_STRICT_OBJC_MSGSEND = YES;
				GCC_C_LANGUAGE_STANDARD = gnu99;
				GCC_NO_COMMON_BLOCKS = YES;
				GCC_WARN_64_TO_32_BIT_CONVERSION = YES;
				GCC_WARN_ABOUT_RETURN_TYPE = YES_ERROR;
				GCC_WARN_UNDECLARED_SELECTOR = YES;
				GCC_WARN_UNINITIALIZED_AUTOS = YES_AGGRESSIVE;
				GCC_WARN_UNUSED_FUNCTION = YES;
				GCC_WARN_UNUSED_VARIABLE = YES;
				IPHONEOS_DEPLOYMENT_TARGET = 9.2;
				MTL_ENABLE_DEBUG_INFO = NO;
				SDKROOT = iphoneos;
				TARGETED_DEVICE_FAMILY = "1,2";
				VALIDATE_PRODUCT = YES;
			};
			name = Release;
		};
		EA8878681C8B81A10049AE2E /* Debug */ = {
			isa = XCBuildConfiguration;
			buildSettings = {
				ASSETCATALOG_COMPILER_APPICON_NAME = AppIcon;
				INFOPLIST_FILE = CoreMotionTester/Info.plist;
				LD_RUNPATH_SEARCH_PATHS = "$(inherited) @executable_path/Frameworks";
				PRODUCT_BUNDLE_IDENTIFIER = com.zcox25.CoreMotionTester;
				PRODUCT_NAME = "$(TARGET_NAME)";
			};
			name = Debug;
		};
		EA8878691C8B81A10049AE2E /* Release */ = {
			isa = XCBuildConfiguration;
			buildSettings = {
				ASSETCATALOG_COMPILER_APPICON_NAME = AppIcon;
				INFOPLIST_FILE = CoreMotionTester/Info.plist;
				LD_RUNPATH_SEARCH_PATHS = "$(inherited) @executable_path/Frameworks";
				PRODUCT_BUNDLE_IDENTIFIER = com.zcox25.CoreMotionTester;
				PRODUCT_NAME = "$(TARGET_NAME)";
			};
			name = Release;
		};
/* End XCBuildConfiguration section */

/* Begin XCConfigurationList section */
		EA8878501C8B81A10049AE2E /* Build configuration list for PBXProject "CoreMotionTester" */ = {
			isa = XCConfigurationList;
			buildConfigurations = (
				EA8878651C8B81A10049AE2E /* Debug */,
				EA8878661C8B81A10049AE2E /* Release */,
			);
			defaultConfigurationIsVisible = 0;
			defaultConfigurationName = Release;
		};
		EA8878671C8B81A10049AE2E /* Build configuration list for PBXNativeTarget "CoreMotionTester" */ = {
			isa = XCConfigurationList;
			buildConfigurations = (
				EA8878681C8B81A10049AE2E /* Debug */,
				EA8878691C8B81A10049AE2E /* Release */,
			);
			defaultConfigurationIsVisible = 0;
		};
/* End XCConfigurationList section */
	};
	rootObject = EA88784D1C8B81A10049AE2E /* Project object */;
}
